
Microsoft Visual Studio Solution File, Format Version 12.00
# Visual Studio Version 17
VisualStudioVersion = 17.14.36109.1 d17.14
MinimumVisualStudioVersion = 10.0.40219.1
Project("{FAE04EC0-301F-11D3-BF4B-00C04F79EFBC}") = "dotnet-folder-sync", "dotnet-folder-sync\dotnet-folder-sync.csproj", "{9EB3A014-B07F-4BF0-898C-2BA53AB25847}"
EndProject
Global
	GlobalSection(SolutionConfigurationPlatforms) = preSolution
		Debug|Any CPU = Debug|Any CPU
		Release|Any CPU = Release|Any CPU
	EndGlobalSection
	GlobalSection(ProjectConfigurationPlatforms) = postSolution
		{9EB3A014-B07F-4BF0-898C-2BA53AB25847}.Debug|Any CPU.ActiveCfg = Debug|Any CPU
		{9EB3A014-B07F-4BF0-898C-2BA53AB25847}.Debug|Any CPU.Build.0 = Debug|Any CPU
		{9EB3A014-B07F-4BF0-898C-2BA53AB25847}.Release|Any CPU.ActiveCfg = Release|Any CPU
		{9EB3A014-B07F-4BF0-898C-2BA53AB25847}.Release|Any CPU.Build.0 = Release|Any CPU
	EndGlobalSection
	GlobalSection(SolutionProperties) = preSolution
		HideSolutionNode = FALSE
	EndGlobalSection
	GlobalSection(ExtensibilityGlobals) = postSolution
		SolutionGuid = {9ACB84FD-ED94-421B-A0CC-1CB291034862}
	EndGlobalSection
EndGlobal
